github.com/Jiali-Xing/breakwater-grpc v0.0.0-20241011205119-fc6eaf67a5d2 h1:SfDwSftsqW9NX2XrbcLq0B1xka2/c7w0Wyr6mY36+r4=
github.com/Jiali-Xing/breakwater-grpc v0.0.0-20241011205119-fc6eaf67a5d2/go.mod h1:qzFoNyE/CvPB7NdoU1Ok6sMfrUnstsryJAEhPkDWa1g=
github.com/Jiali-Xing/dagor-grpc v0.0.0-20241012211944-ddbe9823e0c9 h1:cpU4dWQh6Vy1J9WYxLf+UNzonbEkjqJtjZka2PdRzh0=
github.com/Jiali-Xing/dagor-grpc v0.0.0-20241012211944-ddbe9823e0c9/go.mod h1:ZHJg0/OxqkrtVZaeA+5QgUB6rlbWdUPThRIo6J+aTqE=
github.com/Jiali-Xing/hotelproto v0.0.0-20240609022535-ea9137c9f3e8 h1:kaM+p918qJtWTu9WOBZq9iHZ1F0XpGMneUSQ/rDr/fk=
github.com/Jiali-Xing/hotelproto v0.0.0-20240609022535-ea9137c9f3e8/go.mod h1:bg9XsUzP2sUVpCYUF1C1lerq0FHnojxQCpQQ+bOQHTY=
github.com/Jiali-Xing/plain v0.0.0-20231227034046-b79fd58cb753 h1:nmRXE8JFRClfK+C5JphBhzMELUZsm+zNRZMlEjgdXhM=
github.com/Jiali-Xing/plain v0.0.0-20231227034046-b79fd58cb753/go.mod h1:Zn5ZkJmbhoVVgYMaACaT4c8mByeJTolYzGZzKKNZ9vw=
github.com/Jiali-Xing/protobuf v0.0.0-20250310054104-7be387cece49 h1:kb44cni7g4qx1hw7qQlzUkV2SxlyJno1jvCm4eoCrjY=
github.com/Jiali-Xing/protobuf v0.0.0-20250310054104-7be387cece49/go.mod h1:F1fTbxe8WzzJOEcxFo4xoEQO3CdzZ3Gr/Cy65o79/AQ=
github.com/Jiali-Xing/socialproto v0.0.0-20240621081102-966a8e827703 h1:nZ/lygdxY/MeNgN5XJE6l9poWmeEhrn8gkFmVQX1uTQ=
github.com/Jiali-Xing/socialproto v0.0.0-20240621081102-966a8e827703/go.mod h1:M/tEHAEwZblysHvD7/IrdW9h257mXPLbwl4U9RHfyFs=
github.com/Jiali-Xing/topdown-grpc v0.0.0-20241013010456-81bb3a39e4f0 h1:qxVcBMSsnWxu3YZx75Y5iD9oyzb6lUWvBhr8MKcVzbA=
github.com/Jiali-Xing/topdown-grpc v0.0.0-20241013010456-81bb3a39e4f0/go.mod h1:Wr5DvWvpvkD/l/mSF8yPj83AzQgdv3KvBr0T7yS/peQ=
github.com/bytedance/gopkg v0.1.1 h1:3azzgSkiaw79u24a+w9arfH8OfnQQ4MHUt9lJFREEaE=
github.com/bytedance/gopkg v0.1.1/go.mod h1:576VvJ+eJgyCzdjS+c4+77QF3p7ubbtiKARP3TxducM=
github.com/cespare/xxhash/v2 v2.3.0 h1:UL815xU9SqsFlibzuggzjXhog7bL6oX9BbNZnL2UFvs=
github.com/cespare/xxhash/v2 v2.3.0/go.mod h1:VGX0DQ3Q6kWi7AoAeZDth3/j3BFtOZR5XLFGgcrjCOs=
github.com/dgryski/go-rendezvous v0.0.0-20200823014737-9f7001d12a5f h1:lO4WD4F/rVNCu3HqELle0jiPLLBs70cWOduZpkS1E78=
github.com/dgryski/go-rendezvous v0.0.0-20200823014737-9f7001d12a5f/go.mod h1:cuUVRXasLTGF7a8hSLbxyZXjz+1KgoB3wDUb6vlszIc=
github.com/fsnotify/fsnotify v1.4.9 h1:hsms1Qyu0jgnwNXIxa+/V/PDsU6CfLf6CNO8H7IWoS4=
github.com/fsnotify/fsnotify v1.4.9/go.mod h1:znqG4EE+3YCdAaPaxE2ZRY/06pZUdp0tY4IgpuI1SZQ=
github.com/go-logr/logr v1.4.2 h1:6pFjapn8bFcIbiKo3XT4j/BhANplGihG6tvd+8rYgrY=
github.com/go-logr/logr v1.4.2/go.mod h1:9T104GzyrTigFIr8wt5mBrctHMim0Nb2HLGrmQ40KvY=
github.com/go-logr/stdr v1.2.2 h1:hSWxHoqTgW2S2qGc0LTAI563KZ5YKYRhT3MFKZMbjag=
github.com/go-logr/stdr v1.2.2/go.mod h1:mMo/vtBO5dYbehREoey6XUKy/eSumjCCveDpRre4VKE=
github.com/go-redis/redis/v8 v8.11.5 h1:AcZZR7igkdvfVmQTPnu9WE37LRrO/YrBH5zWyjDC0oI=
github.com/go-redis/redis/v8 v8.11.5/go.mod h1:gREzHqY1hg6oD9ngVRbLStwAWKhA0FEgq8Jd4h5lpwo=
github.com/golang/protobuf v1.5.4 h1:i7eJL8qZTpSEXOPTxNKhASYpMn+8e5Q6AdndVa1dWek=
github.com/golang/protobuf v1.5.4/go.mod h1:lnTiLA8Wa4RWRcIUkrtSVa5nRhsEGBg48fD6rSs7xps=
github.com/google/go-cmp v0.6.0 h1:ofyhxvXcZhMsU5ulbFiLKl/XBFqE1GSq7atu8tAmTRI=
github.com/google/go-cmp v0.6.0/go.mod h1:17dUlkBOakJ0+DkrSSNjCkIjxS6bF9zb3elmeNGIjoY=
github.com/google/uuid v1.6.0 h1:NIvaJDMOsjHA8n1jAhLSgzrAzy1Hgr+hNrb57e+94F0=
github.com/google/uuid v1.6.0/go.mod h1:TIyPZe4MgqvfeYDBFedMoGGpEw/LqOeaOT+nhxU+yHo=
github.com/lithammer/shortuuid v3.0.0+incompatible h1:NcD0xWW/MZYXEHa6ITy6kaXN5nwm/V115vj2YXfhS0w=
github.com/lithammer/shortuuid v3.0.0+incompatible/go.mod h1:FR74pbAuElzOUuenUHTK2Tciko1/vKuIKS9dSkDrA4w=
github.com/nxadm/tail v1.4.8 h1:nPr65rt6Y5JFSKQO7qToXr7pePgD6Gwiw05lkbyAQTE=
github.com/nxadm/tail v1.4.8/go.mod h1:+ncqLTQzXmGhMZNUePPaPqPvBxHAIsmXswZKocGu+AU=
github.com/onsi/ginkgo v1.16.5 h1:8xi0RTUf59SOSfEtZMvwTvXYMzG4gV23XVHOZiXNtnE=
github.com/onsi/ginkgo v1.16.5/go.mod h1:+E8gABHa3K6zRBolWtd+ROzc/U5bkGt0FwiG042wbpU=
github.com/onsi/gomega v1.18.1 h1:M1GfJqGRrBrrGGsbxzV5dqM2U2ApXefZCQpkukxYRLE=
github.com/onsi/gomega v1.18.1/go.mod h1:0q+aL8jAiMXy9hbwj2mr5GziHiwhAIQpFmmtT5hitRs=
github.com/pennsail/rajomon v0.0.0-20250425195531-b555ccd6fed2 h1:px1lnZl/e1OEcC/nmYrh0kEj/dJVnqI9I8lBkvC7bMM=
github.com/pennsail/rajomon v0.0.0-20250425195531-b555ccd6fed2/go.mod h1:61Y7zEU6kf2An9+W3UcE2uCEHM8AKeHJRUyTyGuRv3Q=
github.com/valyala/fastrand v1.1.0 h1:f+5HkLW4rsgzdNoleUOB69hyT9IlD2ZQh9GyDMfb5G8=
github.com/valyala/fastrand v1.1.0/go.mod h1:HWqCzkrkg6QXT8V2EXWvXCoow7vLwOFN002oeRzjapQ=
go.opentelemetry.io/auto/sdk v1.1.0 h1:cH53jehLUN6UFLY71z+NDOiNJqDdPRaXzTel0sJySYA=
go.opentelemetry.io/auto/sdk v1.1.0/go.mod h1:3wSPjt5PWp2RhlCcmmOial7AvC4DQqZb7a7wCow3W8A=
go.opentelemetry.io/otel v1.34.0 h1:zRLXxLCgL1WyKsPVrgbSdMN4c0FMkDAskSTQP+0hdUY=
go.opentelemetry.io/otel v1.34.0/go.mod h1:OWFPOQ+h4G8xpyjgqo4SxJYdDQ/qmRH+wivy7zzx9oI=
go.opentelemetry.io/otel/metric v1.34.0 h1:+eTR3U0MyfWjRDhmFMxe2SsW64QrZ84AOhvqS7Y+PoQ=
go.opentelemetry.io/otel/metric v1.34.0/go.mod h1:CEDrp0fy2D0MvkXE+dPV7cMi8tWZwX3dmaIhwPOaqHE=
go.opentelemetry.io/otel/sdk v1.34.0 h1:95zS4k/2GOy069d321O8jWgYsW3MzVV+KuSPKp7Wr1A=
go.opentelemetry.io/otel/sdk v1.34.0/go.mod h1:0e/pNiaMAqaykJGKbi+tSjWfNNHMTxoC9qANsCzbyxU=
go.opentelemetry.io/otel/sdk/metric v1.34.0 h1:5CeK9ujjbFVL5c1PhLuStg1wxA7vQv7ce1EK0Gyvahk=
go.opentelemetry.io/otel/sdk/metric v1.34.0/go.mod h1:jQ/r8Ze28zRKoNRdkjCZxfs6YvBTG1+YIqyFVFYec5w=
go.opentelemetry.io/otel/trace v1.34.0 h1:+ouXS2V8Rd4hp4580a8q23bg0azF2nI8cqLYnC8mh/k=
go.opentelemetry.io/otel/trace v1.34.0/go.mod h1:Svm7lSjQD7kG7KJ/MUHPVXSDGz2OX4h0M2jHBhmSfRE=
golang.org/x/net v0.39.0 h1:ZCu7HMWDxpXpaiKdhzIfaltL9Lp31x/3fCP11bc6/fY=
golang.org/x/net v0.39.0/go.mod h1:X7NRbYVEA+ewNkCNyJ513WmMdQ3BineSwVtN2zD/d+E=
golang.org/x/sys v0.32.0 h1:s77OFDvIQeibCmezSnk/q6iAfkdiQaJi4VzroCFrN20=
golang.org/x/sys v0.32.0/go.mod h1:BJP2sWEmIv4KK5OTEluFJCKSidICx8ciO85XgH3Ak8k=
golang.org/x/text v0.24.0 h1:dd5Bzh4yt5KYA8f9CJHCP4FB4D51c2c6JvN37xJJkJ0=
golang.org/x/text v0.24.0/go.mod h1:L8rBsPeo2pSS+xqN0d5u2ikmjtmoJbDBT1b7nHvFCdU=
google.golang.org/genproto/googleapis/api v0.0.0-20250414145226-207652e42e2e h1:UdXH7Kzbj+Vzastr5nVfccbmFsmYNygVLSPk1pEfDoY=
google.golang.org/genproto/googleapis/api v0.0.0-20250414145226-207652e42e2e/go.mod h1:085qFyf2+XaZlRdCgKNCIZ3afY2p4HHZdoIRpId8F4A=
google.golang.org/genproto/googleapis/rpc v0.0.0-20250414145226-207652e42e2e h1:ztQaXfzEXTmCBvbtWYRhJxW+0iJcz2qXfd38/e9l7bA=
google.golang.org/genproto/googleapis/rpc v0.0.0-20250414145226-207652e42e2e/go.mod h1:qQ0YXyHHx3XkvlzUtpXDkS29lDSafHMZBAZDc03LQ3A=
google.golang.org/grpc v1.71.1 h1:ffsFWr7ygTUscGPI0KKK6TLrGz0476KUvvsbqWK0rPI=
google.golang.org/grpc v1.71.1/go.mod h1:H0GRtasmQOh9LkFoCPDu3ZrwUtD1YGE+b2vYBYd/8Ec=
google.golang.org/protobuf v1.36.6 h1:z1NpPI8ku2WgiWnf+t9wTPsn6eP1L7ksHUlkfLvd9xY=
google.golang.org/protobuf v1.36.6/go.mod h1:jduwjTPXsFjZGTmRluh+L6NjiWu7pchiJ2/5YcXBHnY=
gopkg.in/check.v1 v0.0.0-20161208181325-20d25e280405 h1:yhCVgyC4o1eVCa2tZl7eS0r+SDo693bJlVdllGtEeKM=
gopkg.in/check.v1 v0.0.0-20161208181325-20d25e280405/go.mod h1:Co6ibVJAznAaIkqp8huTwlJQCZ016jof/cbN4VW5Yz0=
gopkg.in/tomb.v1 v1.0.0-20141024135613-dd632973f1e7 h1:uRGJdciOHaEIrze2W8Q3AKkepLTh2hOroT7a+7czfdQ=
gopkg.in/tomb.v1 v1.0.0-20141024135613-dd632973f1e7/go.mod h1:dt/ZhP58zS4L8KSrWDmTeBkI65Dw0HsyUHuEVlX15mw=
gopkg.in/yaml.v2 v2.4.0 h1:D8xgwECY7CYvx+Y2n4sBz93Jn9JRvxdiyyo8CTfuKaY=
gopkg.in/yaml.v2 v2.4.0/go.mod h1:RDklbk79AGWmwhnvt/jBztapEOGDOx6ZbXqjP6csGnQ=
